PODS:
  - BetterSegmentedControl (0.8.1)
  - Nimble (8.0.1)
  - Quick (2.1.0)

DEPENDENCIES:
  - BetterSegmentedControl (from `../`)
  - Nimble
  - Quick

SPEC REPOS:
  https://github.com/cocoapods/specs.git:
    - Nimble
    - Quick

EXTERNAL SOURCES:
  BetterSegmentedControl:
    :path: "../"

SPEC CHECKSUMS:
  BetterSegmentedControl: ad01ad181fe5e08e478edd4453458ae1e94d9e4a
  Nimble: 45f786ae66faa9a709624227fae502db55a8bdd0
  Quick: 4be43f6634acfa727dd106bdf3929ce125ffa79d

PODFILE CHECKSUM: cf1f678a5c5eb2610e60699875c0a50e9b26f24a

COCOAPODS: 1.6.1
